
Microsoft Visual Studio Solution File, Format Version 12.00
# Visual Studio Version 17
VisualStudioVersion = 17.8.34525.116
MinimumVisualStudioVersion = 10.0.40219.1
Project("{FAE04EC0-301F-11D3-BF4B-00C04F79EFBC}") = "SistemaTienda", "SistemaTienda\SistemaTienda.csproj", "{F023607C-4A97-4D81-9826-9A6EC1F299C4}"
EndProject
Project("{FAE04EC0-301F-11D3-BF4B-00C04F79EFBC}") = "SistemaTienda.AccesoDatos", "SistemaTienda.AccesoDatos\SistemaTienda.AccesoDatos.csproj", "{AAAEB492-3B0D-4ECF-80E7-BC71BB96B2F5}"
EndProject
Project("{FAE04EC0-301F-11D3-BF4B-00C04F79EFBC}") = "SistemaTienda.Models", "SistemaTienda.Models\SistemaTienda.Models.csproj", "{ACA658AB-AFD7-43BB-A826-8D362C19FA2C}"
EndProject
Project("{FAE04EC0-301F-11D3-BF4B-00C04F79EFBC}") = "SistemaTienda.Utilidades", "SistemaTienda.Utilidades\SistemaTienda.Utilidades.csproj", "{B96610AB-DBEE-424C-AE22-DC58AB040C9F}"
EndProject
Global
	GlobalSection(SolutionConfigurationPlatforms) = preSolution
		Debug|Any CPU = Debug|Any CPU
		Release|Any CPU = Release|Any CPU
	EndGlobalSection
	GlobalSection(ProjectConfigurationPlatforms) = postSolution
		{F023607C-4A97-4D81-9826-9A6EC1F299C4}.Debug|Any CPU.ActiveCfg = Debug|Any CPU
		{F023607C-4A97-4D81-9826-9A6EC1F299C4}.Debug|Any CPU.Build.0 = Debug|Any CPU
		{F023607C-4A97-4D81-9826-9A6EC1F299C4}.Release|Any CPU.ActiveCfg = Release|Any CPU
		{F023607C-4A97-4D81-9826-9A6EC1F299C4}.Release|Any CPU.Build.0 = Release|Any CPU
		{AAAEB492-3B0D-4ECF-80E7-BC71BB96B2F5}.Debug|Any CPU.ActiveCfg = Debug|Any CPU
		{AAAEB492-3B0D-4ECF-80E7-BC71BB96B2F5}.Debug|Any CPU.Build.0 = Debug|Any CPU
		{AAAEB492-3B0D-4ECF-80E7-BC71BB96B2F5}.Release|Any CPU.ActiveCfg = Release|Any CPU
		{AAAEB492-3B0D-4ECF-80E7-BC71BB96B2F5}.Release|Any CPU.Build.0 = Release|Any CPU
		{ACA658AB-AFD7-43BB-A826-8D362C19FA2C}.Debug|Any CPU.ActiveCfg = Debug|Any CPU
		{ACA658AB-AFD7-43BB-A826-8D362C19FA2C}.Debug|Any CPU.Build.0 = Debug|Any CPU
		{ACA658AB-AFD7-43BB-A826-8D362C19FA2C}.Release|Any CPU.ActiveCfg = Release|Any CPU
		{ACA658AB-AFD7-43BB-A826-8D362C19FA2C}.Release|Any CPU.Build.0 = Release|Any CPU
		{B96610AB-DBEE-424C-AE22-DC58AB040C9F}.Debug|Any CPU.ActiveCfg = Debug|Any CPU
		{B96610AB-DBEE-424C-AE22-DC58AB040C9F}.Debug|Any CPU.Build.0 = Debug|Any CPU
		{B96610AB-DBEE-424C-AE22-DC58AB040C9F}.Release|Any CPU.ActiveCfg = Release|Any CPU
		{B96610AB-DBEE-424C-AE22-DC58AB040C9F}.Release|Any CPU.Build.0 = Release|Any CPU
	EndGlobalSection
	GlobalSection(SolutionProperties) = preSolution
		HideSolutionNode = FALSE
	EndGlobalSection
	GlobalSection(ExtensibilityGlobals) = postSolution
		SolutionGuid = {A1D0CBC7-BFB9-4942-BFBD-B344A4618F33}
	EndGlobalSection
EndGlobal
